
Microsoft Visual Studio Solution File, Format Version 12.00
# Visual Studio Version 17
VisualStudioVersion = 17.0.32112.339
MinimumVisualStudioVersion = 10.0.40219.1
Project("{FAE04EC0-301F-11D3-BF4B-00C04F79EFBC}") = "RichbetsResurrected.Web", "RichbetsResurrected\src\RichbetsResurrected.Web\RichbetsResurrected.Web.csproj", "{09961857-E8AB-4451-ACA0-034796E11B98}"
EndProject
Project("{2150E333-8FDC-42A3-9474-1A3956D46DE8}") = "src", "src", "{8660270D-3F31-4575-B01B-AF17B914DA3A}"
EndProject
Project("{FAE04EC0-301F-11D3-BF4B-00C04F79EFBC}") = "RichbetsResurrected.Identity", "RichbetsResurrected\src\RichbetsResurrected.Identity\RichbetsResurrected.Identity.csproj", "{DE03C1BE-30F1-4C15-8918-F5388EBC69E0}"
EndProject
Project("{FAE04EC0-301F-11D3-BF4B-00C04F79EFBC}") = "RichbetsResurrected.Interfaces", "RichbetsResurrected\src\RichbetsResurrected.Interfaces\RichbetsResurrected.Interfaces.csproj", "{DF970D5C-5F74-4C91-A3B4-EEDE716B972C}"
EndProject
Project("{FAE04EC0-301F-11D3-BF4B-00C04F79EFBC}") = "RichbetsResurrected.Services", "RichbetsResurrected\src\RichbetsResurrected.Services\RichbetsResurrected.Services.csproj", "{8F7D193D-5832-427A-B91A-38E06FDD21D2}"
EndProject
Project("{FAE04EC0-301F-11D3-BF4B-00C04F79EFBC}") = "RichbetsResurrected.Utilities", "RichbetsResurrected\src\RichbetsResurrected.Utilities\RichbetsResurrected.Utilities.csproj", "{12C3EF69-B39B-412C-990A-AC6F1DAB5578}"
EndProject
Project("{FAE04EC0-301F-11D3-BF4B-00C04F79EFBC}") = "RichbetsResurrected.Communication", "RichbetsResurrected\src\RichbetsResurrected.Communication\RichbetsResurrected.Communication.csproj", "{17BCCD47-CE2F-4A68-B643-7737A2D768AA}"
EndProject
Project("{FAE04EC0-301F-11D3-BF4B-00C04F79EFBC}") = "RichbetsResurrected.Entities", "RichbetsResurrected\src\RichbetsResurrected.Entities\RichbetsResurrected.Entities.csproj", "{3EF4FE0C-3C68-407C-BA55-52FF56E29893}"
EndProject
Global
	GlobalSection(SolutionConfigurationPlatforms) = preSolution
		Debug|Any CPU = Debug|Any CPU
		Release|Any CPU = Release|Any CPU
	EndGlobalSection
	GlobalSection(ProjectConfigurationPlatforms) = postSolution
		{09961857-E8AB-4451-ACA0-034796E11B98}.Debug|Any CPU.ActiveCfg = Debug|Any CPU
		{09961857-E8AB-4451-ACA0-034796E11B98}.Debug|Any CPU.Build.0 = Debug|Any CPU
		{09961857-E8AB-4451-ACA0-034796E11B98}.Release|Any CPU.ActiveCfg = Release|Any CPU
		{09961857-E8AB-4451-ACA0-034796E11B98}.Release|Any CPU.Build.0 = Release|Any CPU
		{DE03C1BE-30F1-4C15-8918-F5388EBC69E0}.Debug|Any CPU.ActiveCfg = Debug|Any CPU
		{DE03C1BE-30F1-4C15-8918-F5388EBC69E0}.Debug|Any CPU.Build.0 = Debug|Any CPU
		{DE03C1BE-30F1-4C15-8918-F5388EBC69E0}.Release|Any CPU.ActiveCfg = Release|Any CPU
		{DE03C1BE-30F1-4C15-8918-F5388EBC69E0}.Release|Any CPU.Build.0 = Release|Any CPU
		{DF970D5C-5F74-4C91-A3B4-EEDE716B972C}.Debug|Any CPU.ActiveCfg = Debug|Any CPU
		{DF970D5C-5F74-4C91-A3B4-EEDE716B972C}.Debug|Any CPU.Build.0 = Debug|Any CPU
		{DF970D5C-5F74-4C91-A3B4-EEDE716B972C}.Release|Any CPU.ActiveCfg = Release|Any CPU
		{DF970D5C-5F74-4C91-A3B4-EEDE716B972C}.Release|Any CPU.Build.0 = Release|Any CPU
		{8F7D193D-5832-427A-B91A-38E06FDD21D2}.Debug|Any CPU.ActiveCfg = Debug|Any CPU
		{8F7D193D-5832-427A-B91A-38E06FDD21D2}.Debug|Any CPU.Build.0 = Debug|Any CPU
		{8F7D193D-5832-427A-B91A-38E06FDD21D2}.Release|Any CPU.ActiveCfg = Release|Any CPU
		{8F7D193D-5832-427A-B91A-38E06FDD21D2}.Release|Any CPU.Build.0 = Release|Any CPU
		{12C3EF69-B39B-412C-990A-AC6F1DAB5578}.Debug|Any CPU.ActiveCfg = Debug|Any CPU
		{12C3EF69-B39B-412C-990A-AC6F1DAB5578}.Debug|Any CPU.Build.0 = Debug|Any CPU
		{12C3EF69-B39B-412C-990A-AC6F1DAB5578}.Release|Any CPU.ActiveCfg = Release|Any CPU
		{12C3EF69-B39B-412C-990A-AC6F1DAB5578}.Release|Any CPU.Build.0 = Release|Any CPU
		{17BCCD47-CE2F-4A68-B643-7737A2D768AA}.Debug|Any CPU.ActiveCfg = Debug|Any CPU
		{17BCCD47-CE2F-4A68-B643-7737A2D768AA}.Debug|Any CPU.Build.0 = Debug|Any CPU
		{17BCCD47-CE2F-4A68-B643-7737A2D768AA}.Release|Any CPU.ActiveCfg = Release|Any CPU
		{17BCCD47-CE2F-4A68-B643-7737A2D768AA}.Release|Any CPU.Build.0 = Release|Any CPU
		{3EF4FE0C-3C68-407C-BA55-52FF56E29893}.Debug|Any CPU.ActiveCfg = Debug|Any CPU
		{3EF4FE0C-3C68-407C-BA55-52FF56E29893}.Debug|Any CPU.Build.0 = Debug|Any CPU
		{3EF4FE0C-3C68-407C-BA55-52FF56E29893}.Release|Any CPU.ActiveCfg = Release|Any CPU
		{3EF4FE0C-3C68-407C-BA55-52FF56E29893}.Release|Any CPU.Build.0 = Release|Any CPU
	EndGlobalSection
	GlobalSection(SolutionProperties) = preSolution
		HideSolutionNode = FALSE
	EndGlobalSection
	GlobalSection(NestedProjects) = preSolution
		{09961857-E8AB-4451-ACA0-034796E11B98} = {8660270D-3F31-4575-B01B-AF17B914DA3A}
		{DE03C1BE-30F1-4C15-8918-F5388EBC69E0} = {8660270D-3F31-4575-B01B-AF17B914DA3A}
		{DF970D5C-5F74-4C91-A3B4-EEDE716B972C} = {8660270D-3F31-4575-B01B-AF17B914DA3A}
		{8F7D193D-5832-427A-B91A-38E06FDD21D2} = {8660270D-3F31-4575-B01B-AF17B914DA3A}
		{12C3EF69-B39B-412C-990A-AC6F1DAB5578} = {8660270D-3F31-4575-B01B-AF17B914DA3A}
		{17BCCD47-CE2F-4A68-B643-7737A2D768AA} = {8660270D-3F31-4575-B01B-AF17B914DA3A}
		{3EF4FE0C-3C68-407C-BA55-52FF56E29893} = {8660270D-3F31-4575-B01B-AF17B914DA3A}
	EndGlobalSection
	GlobalSection(ExtensibilityGlobals) = postSolution
		SolutionGuid = {0ABADF40-9DBF-44FE-A6BF-9102058ECCF7}
	EndGlobalSection
EndGlobal
